// !$*UTF8*$!
{
	archiveVersion = 1;
	classes = {
	};
	objectVersion = 46;
	objects = {

/* Begin PBXBuildFile section */
		A278E8611AE04C78000DA0DE /* AppDelegate.swift in Sources */ = {isa = PBXBuildFile; fileRef = A278E8601AE04C78000DA0DE /* AppDelegate.swift */; };
		A278E8631AE04C78000DA0DE /* ViewController.swift in Sources */ = {isa = PBXBuildFile; fileRef = A278E8621AE04C78000DA0DE /* ViewController.swift */; };
		A278E8661AE04C78000DA0DE /* Main.storyboard in Resources */ = {isa = PBXBuildFile; fileRef = A278E8641AE04C78000DA0DE /* Main.storyboard */; };
		A278E8681AE04C78000DA0DE /* Images.xcassets in Resources */ = {isa = PBXBuildFile; fileRef = A278E8671AE04C78000DA0DE /* Images.xcassets */; };
		A278E86B1AE04C78000DA0DE /* LaunchScreen.xib in Resources */ = {isa = PBXBuildFile; fileRef = A278E8691AE04C78000DA0DE /* LaunchScreen.xib */; };
		A278E8771AE04C79000DA0DE /* CatYearsTests.swift in Sources */ = {isa = PBXBuildFile; fileRef = A278E8761AE04C79000DA0DE /* CatYearsTests.swift */; };
/* End PBXBuildFile section */

/* Begin PBXContainerItemProxy section */
		A278E8711AE04C79000DA0DE /* PBXContainerItemProxy */ = {
			isa = PBXContainerItemProxy;
			containerPortal = A278E8531AE04C78000DA0DE /* Project object */;
			proxyType = 1;
			remoteGlobalIDString = A278E85A1AE04C78000DA0DE;
			remoteInfo = CatYears;
		};
/* End PBXContainerItemProxy section */

/* Begin PBXFileReference section */
		A278E85B1AE04C78000DA0DE /* CatYears.app */ = {isa = PBXFileReference; explicitFileType = wrapper.application; includeInIndex = 0; path = CatYears.app; sourceTree = BUILT_PRODUCTS_DIR; };
		A278E85F1AE04C78000DA0DE /* Info.plist */ = {isa = PBXFileReference; lastKnownFileType = text.plist.xml; path = Info.plist; sourceTree = "<group>"; };
		A278E8601AE04C78000DA0DE /* AppDelegate.swift */ = {isa = PBXFileReference; lastKnownFileType = sourcecode.swift; path = AppDelegate.swift; sourceTree = "<group>"; };
		A278E8621AE04C78000DA0DE /* ViewController.swift */ = {isa = PBXFileReference; lastKnownFileType = sourcecode.swift; path = ViewController.swift; sourceTree = "<group>"; };
		A278E8651AE04C78000DA0DE /* Base */ = {isa = PBXFileReference; lastKnownFileType = file.storyboard; name = Base; path = Base.lproj/Main.storyboard; sourceTree = "<group>"; };
		A278E8671AE04C78000DA0DE /* Images.xcassets */ = {isa = PBXFileReference; lastKnownFileType = folder.assetcatalog; path = Images.xcassets; sourceTree = "<group>"; };
		A278E86A1AE04C78000DA0DE /* Base */ = {isa = PBXFileReference; lastKnownFileType = file.xib; name = Base; path = Base.lproj/LaunchScreen.xib; sourceTree = "<group>"; };
		A278E8701AE04C79000DA0DE /* CatYearsTests.xctest */ = {isa = PBXFileReference; explicitFileType = wrapper.cfbundle; includeInIndex = 0; path = CatYearsTests.xctest; sourceTree = BUILT_PRODUCTS_DIR; };
		A278E8751AE04C79000DA0DE /* Info.plist */ = {isa = PBXFileReference; lastKnownFileType = text.plist.xml; path = Info.plist; sourceTree = "<group>"; };
		A278E8761AE04C79000DA0DE /* CatYearsTests.swift */ = {isa = PBXFileReference; lastKnownFileType = sourcecode.swift; path = CatYearsTests.swift; sourceTree = "<group>"; };
/* End PBXFileReference section */

/* Begin PBXFrameworksBuildPhase section */
		A278E8581AE04C78000DA0DE /* Frameworks */ = {
			isa = PBXFrameworksBuildPhase;
			buildActionMask = 2147483647;
			files = (
			);
			runOnlyForDeploymentPostprocessing = 0;
		};
		A278E86D1AE04C79000DA0DE /* Frameworks */ = {
			isa = PBXFrameworksBuildPhase;
			buildActionMask = 2147483647;
			files = (
			);
			runOnlyForDeploymentPostprocessing = 0;
		};
/* End PBXFrameworksBuildPhase section */

/* Begin PBXGroup section */
		A278E8521AE04C78000DA0DE = {
			isa = PBXGroup;
			children = (
				A278E85D1AE04C78000DA0DE /* CatYears */,
				A278E8731AE04C79000DA0DE /* CatYearsTests */,
				A278E85C1AE04C78000DA0DE /* Products */,
			);
			sourceTree = "<group>";
		};
		A278E85C1AE04C78000DA0DE /* Products */ = {
			isa = PBXGroup;
			children = (
				A278E85B1AE04C78000DA0DE /* CatYears.app */,
				A278E8701AE04C79000DA0DE /* CatYearsTests.xctest */,
			);
			name = Products;
			sourceTree = "<group>";
		};
		A278E85D1AE04C78000DA0DE /* CatYears */ = {
			isa = PBXGroup;
			children = (
				A278E8601AE04C78000DA0DE /* AppDelegate.swift */,
				A278E8621AE04C78000DA0DE /* ViewController.swift */,
				A278E8641AE04C78000DA0DE /* Main.storyboard */,
				A278E8671AE04C78000DA0DE /* Images.xcassets */,
				A278E8691AE04C78000DA0DE /* LaunchScreen.xib */,
				A278E85E1AE04C78000DA0DE /* Supporting Files */,
			);
			path = CatYears;
			sourceTree = "<group>";
		};
		A278E85E1AE04C78000DA0DE /* Supporting Files */ = {
			isa = PBXGroup;
			children = (
				A278E85F1AE04C78000DA0DE /* Info.plist */,
			);
			name = "Supporting Files";
			sourceTree = "<group>";
		};
		A278E8731AE04C79000DA0DE /* CatYearsTests */ = {
			isa = PBXGroup;
			children = (
				A278E8761AE04C79000DA0DE /* CatYearsTests.swift */,
				A278E8741AE04C79000DA0DE /* Supporting Files */,
			);
			path = CatYearsTests;
			sourceTree = "<group>";
		};
		A278E8741AE04C79000DA0DE /* Supporting Files */ = {
			isa = PBXGroup;
			children = (
				A278E8751AE04C79000DA0DE /* Info.plist */,
			);
			name = "Supporting Files";
			sourceTree = "<group>";
		};
/* End PBXGroup section */

/* Begin PBXNativeTarget section */
		A278E85A1AE04C78000DA0DE /* CatYears */ = {
			isa = PBXNativeTarget;
			buildConfigurationList = A278E87A1AE04C79000DA0DE /* Build configuration list for PBXNativeTarget "CatYears" */;
			buildPhases = (
				A278E8571AE04C78000DA0DE /* Sources */,
				A278E8581AE04C78000DA0DE /* Frameworks */,
				A278E8591AE04C78000DA0DE /* Resources */,
			);
			buildRules = (
			);
			dependencies = (
			);
			name = CatYears;
			productName = CatYears;
			productReference = A278E85B1AE04C78000DA0DE /* CatYears.app */;
			productType = "com.apple.product-type.application";
		};
		A278E86F1AE04C79000DA0DE /* CatYearsTests */ = {
			isa = PBXNativeTarget;
			buildConfigurationList = A278E87D1AE04C79000DA0DE /* Build configuration list for PBXNativeTarget "CatYearsTests" */;
			buildPhases = (
				A278E86C1AE04C79000DA0DE /* Sources */,
				A278E86D1AE04C79000DA0DE /* Frameworks */,
				A278E86E1AE04C79000DA0DE /* Resources */,
			);
			buildRules = (
			);
			dependencies = (
				A278E8721AE04C79000DA0DE /* PBXTargetDependency */,
			);
			name = CatYearsTests;
			productName = CatYearsTests;
			productReference = A278E8701AE04C79000DA0DE /* CatYearsTests.xctest */;
			productType = "com.apple.product-type.bundle.unit-test";
		};
/* End PBXNativeTarget section */

/* Begin PBXProject section */
		A278E8531AE04C78000DA0DE /* Project object */ = {
			isa = PBXProject;
			attributes = {
				LastUpgradeCheck = 0610;
				ORGANIZATIONNAME = RayLoganInc;
				TargetAttributes = {
					A278E85A1AE04C78000DA0DE = {
						CreatedOnToolsVersion = 6.1.1;
					};
					A278E86F1AE04C79000DA0DE = {
						CreatedOnToolsVersion = 6.1.1;
						TestTargetID = A278E85A1AE04C78000DA0DE;
					};
				};
			};
			buildConfigurationList = A278E8561AE04C78000DA0DE /* Build configuration list for PBXProject "CatYears" */;
			compatibilityVersion = "Xcode 3.2";
			developmentRegion = English;
			hasScannedForEncodings = 0;
			knownRegions = (
				en,
				Base,
			);
			mainGroup = A278E8521AE04C78000DA0DE;
			productRefGroup = A278E85C1AE04C78000DA0DE /* Products */;
			projectDirPath = "";
			projectRoot = "";
			targets = (
				A278E85A1AE04C78000DA0DE /* CatYears */,
				A278E86F1AE04C79000DA0DE /* CatYearsTests */,
			);
		};
/* End PBXProject section */

/* Begin PBXResourcesBuildPhase section */
		A278E8591AE04C78000DA0DE /* Resources */ = {
			isa = PBXResourcesBuildPhase;
			buildActionMask = 2147483647;
			files = (
				A278E8661AE04C78000DA0DE /* Main.storyboard in Resources */,
				A278E86B1AE04C78000DA0DE /* LaunchScreen.xib in Resources */,
				A278E8681AE04C78000DA0DE /* Images.xcassets in Resources */,
			);
			runOnlyForDeploymentPostprocessing = 0;
		};
		A278E86E1AE04C79000DA0DE /* Resources */ = {
			isa = PBXResourcesBuildPhase;
			buildActionMask = 2147483647;
			files = (
			);
			runOnlyForDeploymentPostprocessing = 0;
		};
/* End PBXResourcesBuildPhase section */

/* Begin PBXSourcesBuildPhase section */
		A278E8571AE04C78000DA0DE /* Sources */ = {
			isa = PBXSourcesBuildPhase;
			buildActionMask = 2147483647;
			files = (
				A278E8631AE04C78000DA0DE /* ViewController.swift in Sources */,
				A278E8611AE04C78000DA0DE /* AppDelegate.swift in Sources */,
			);
			runOnlyForDeploymentPostprocessing = 0;
		};
		A278E86C1AE04C79000DA0DE /* Sources */ = {
			isa = PBXSourcesBuildPhase;
			buildActionMask = 2147483647;
			files = (
				A278E8771AE04C79000DA0DE /* CatYearsTests.swift in Sources */,
			);
			runOnlyForDeploymentPostprocessing = 0;
		};
/* End PBXSourcesBuildPhase section */

/* Begin PBXTargetDependency section */
		A278E8721AE04C79000DA0DE /* PBXTargetDependency */ = {
			isa = PBXTargetDependency;
			target = A278E85A1AE04C78000DA0DE /* CatYears */;
			targetProxy = A278E8711AE04C79000DA0DE /* PBXContainerItemProxy */;
		};
/* End PBXTargetDependency section */

/* Begin PBXVariantGroup section */
		A278E8641AE04C78000DA0DE /* Main.storyboard */ = {
			isa = PBXVariantGroup;
			children = (
				A278E8651AE04C78000DA0DE /* Base */,
			);
			name = Main.storyboard;
			sourceTree = "<group>";
		};
		A278E8691AE04C78000DA0DE /* LaunchScreen.xib */ = {
			isa = PBXVariantGroup;
			children = (
				A278E86A1AE04C78000DA0DE /* Base */,
			);
			name = LaunchScreen.xib;
			sourceTree = "<group>";
		};
/* End PBXVariantGroup section */

/* Begin XCBuildConfiguration section */
		A278E8781AE04C79000DA0DE /* Debug */ = {
			isa = XCBuildConfiguration;
			buildSettings = {
				ALWAYS_SEARCH_USER_PATHS = NO;
				CLANG_CXX_LANGUAGE_STANDARD = "gnu++0x";
				CLANG_CXX_LIBRARY = "libc++";
				CLANG_ENABLE_MODULES = YES;
				CLANG_ENABLE_OBJC_ARC = YES;
				CLANG_WARN_BOOL_CONVERSION = YES;
				CLANG_WARN_CONSTANT_CONVERSION = YES;
				CLANG_WARN_DIRECT_OBJC_ISA_USAGE = YES_ERROR;
				CLANG_WARN_EMPTY_BODY = YES;
				CLANG_WARN_ENUM_CONVERSION = YES;
				CLANG_WARN_INT_CONVERSION = YES;
				CLANG_WARN_OBJC_ROOT_CLASS = YES_ERROR;
				CLANG_WARN_UNREACHABLE_CODE = YES;
				CLANG_WARN__DUPLICATE_METHOD_MATCH = YES;
				"CODE_SIGN_IDENTITY[sdk=iphoneos*]" = "iPhone Developer";
				COPY_PHASE_STRIP = NO;
				ENABLE_STRICT_OBJC_MSGSEND = YES;
				GCC_C_LANGUAGE_STANDARD = gnu99;
				GCC_DYNAMIC_NO_PIC = NO;
				GCC_OPTIMIZATION_LEVEL = 0;
				GCC_PREPROCESSOR_DEFINITIONS = (
					"DEBUG=1",
					"$(inherited)",
				);
				GCC_SYMBOLS_PRIVATE_EXTERN = NO;
				GCC_WARN_64_TO_32_BIT_CONVERSION = YES;
				GCC_WARN_ABOUT_RETURN_TYPE = YES_ERROR;
				GCC_WARN_UNDECLARED_SELECTOR = YES;
				GCC_WARN_UNINITIALIZED_AUTOS = YES_AGGRESSIVE;
				GCC_WARN_UNUSED_FUNCTION = YES;
				GCC_WARN_UNUSED_VARIABLE = YES;
				IPHONEOS_DEPLOYMENT_TARGET = 8.1;
				MTL_ENABLE_DEBUG_INFO = YES;
				ONLY_ACTIVE_ARCH = YES;
				SDKROOT = iphoneos;
				SWIFT_OPTIMIZATION_LEVEL = "-Onone";
			};
			name = Debug;
		};
		A278E8791AE04C79000DA0DE /* Release */ = {
			isa = XCBuildConfiguration;
			buildSettings = {
				ALWAYS_SEARCH_USER_PATHS = NO;
				CLANG_CXX_LANGUAGE_STANDARD = "gnu++0x";
				CLANG_CXX_LIBRARY = "libc++";
				CLANG_ENABLE_MODULES = YES;
				CLANG_ENABLE_OBJC_ARC = YES;
				CLANG_WARN_BOOL_CONVERSION = YES;
				CLANG_WARN_CONSTANT_CONVERSION = YES;
				CLANG_WARN_DIRECT_OBJC_ISA_USAGE = YES_ERROR;
				CLANG_WARN_EMPTY_BODY = YES;
				CLANG_WARN_ENUM_CONVERSION = YES;
				CLANG_WARN_INT_CONVERSION = YES;
				CLANG_WARN_OBJC_ROOT_CLASS = YES_ERROR;
				CLANG_WARN_UNREACHABLE_CODE = YES;
				CLANG_WARN__DUPLICATE_METHOD_MATCH = YES;
				"CODE_SIGN_IDENTITY[sdk=iphoneos*]" = "iPhone Developer";
				COPY_PHASE_STRIP = YES;
				ENABLE_NS_ASSERTIONS = NO;
				ENABLE_STRICT_OBJC_MSGSEND = YES;
				GCC_C_LANGUAGE_STANDARD = gnu99;
				GCC_WARN_64_TO_32_BIT_CONVERSION = YES;
				GCC_WARN_ABOUT_RETURN_TYPE = YES_ERROR;
				GCC_WARN_UNDECLARED_SELECTOR = YES;
				GCC_WARN_UNINITIALIZED_AUTOS = YES_AGGRESSIVE;
				GCC_WARN_UNUSED_FUNCTION = YES;
				GCC_WARN_UNUSED_VARIABLE = YES;
				IPHONEOS_DEPLOYMENT_TARGET = 8.1;
				MTL_ENABLE_DEBUG_INFO = NO;
				SDKROOT = iphoneos;
				VALIDATE_PRODUCT = YES;
			};
			name = Release;
		};
		A278E87B1AE04C79000DA0DE /* Debug */ = {
			isa = XCBuildConfiguration;
			buildSettings = {
				ASSETCATALOG_COMPILER_APPICON_NAME = AppIcon;
				INFOPLIST_FILE = CatYears/Info.plist;
				LD_RUNPATH_SEARCH_PATHS = "$(inherited) @executable_path/Frameworks";
				PRODUCT_NAME = "$(TARGET_NAME)";
				TARGETED_DEVICE_FAMILY = 1;
			};
			name = Debug;
		};
		A278E87C1AE04C79000DA0DE /* Release */ = {
			isa = XCBuildConfiguration;
			buildSettings = {
				ASSETCATALOG_COMPILER_APPICON_NAME = AppIcon;
				INFOPLIST_FILE = CatYears/Info.plist;
				LD_RUNPATH_SEARCH_PATHS = "$(inherited) @executable_path/Frameworks";
				PRODUCT_NAME = "$(TARGET_NAME)";
				TARGETED_DEVICE_FAMILY = 1;
			};
			name = Release;
		};
		A278E87E1AE04C79000DA0DE /* Debug */ = {
			isa = XCBuildConfiguration;
			buildSettings = {
				BUNDLE_LOADER = "$(TEST_HOST)";
				FRAMEWORK_SEARCH_PATHS = (
					"$(SDKROOT)/Developer/Library/Frameworks",
					"$(inherited)",
				);
				GCC_PREPROCESSOR_DEFINITIONS = (
					"DEBUG=1",
					"$(inherited)",
				);
				INFOPLIST_FILE = CatYearsTests/Info.plist;
				LD_RUNPATH_SEARCH_PATHS = "$(inherited) @executable_path/Frameworks @loader_path/Frameworks";
				PRODUCT_NAME = "$(TARGET_NAME)";
				TEST_HOST = "$(BUILT_PRODUCTS_DIR)/CatYears.app/CatYears";
			};
			name = Debug;
		};
		A278E87F1AE04C79000DA0DE /* Release */ = {
			isa = XCBuildConfiguration;
			buildSettings = {
				BUNDLE_LOADER = "$(TEST_HOST)";
				FRAMEWORK_SEARCH_PATHS = (
					"$(SDKROOT)/Developer/Library/Frameworks",
					"$(inherited)",
				);
				INFOPLIST_FILE = CatYearsTests/Info.plist;
				LD_RUNPATH_SEARCH_PATHS = "$(inherited) @executable_path/Frameworks @loader_path/Frameworks";
				PRODUCT_NAME = "$(TARGET_NAME)";
				TEST_HOST = "$(BUILT_PRODUCTS_DIR)/CatYears.app/CatYears";
			};
			name = Release;
		};
/* End XCBuildConfiguration section */

/* Begin XCConfigurationList section */
		A278E8561AE04C78000DA0DE /* Build configuration list for PBXProject "CatYears" */ = {
			isa = XCConfigurationList;
			buildConfigurations = (
				A278E8781AE04C79000DA0DE /* Debug */,
				A278E8791AE04C79000DA0DE /* Release */,
			);
			defaultConfigurationIsVisible = 0;
			defaultConfigurationName = Release;
		};
		A278E87A1AE04C79000DA0DE /* Build configuration list for PBXNativeTarget "CatYears" */ = {
			isa = XCConfigurationList;
			buildConfigurations = (
				A278E87B1AE04C79000DA0DE /* Debug */,
				A278E87C1AE04C79000DA0DE /* Release */,
			);
			defaultConfigurationIsVisible = 0;
		};
		A278E87D1AE04C79000DA0DE /* Build configuration list for PBXNativeTarget "CatYearsTests" */ = {
			isa = XCConfigurationList;
			buildConfigurations = (
				A278E87E1AE04C79000DA0DE /* Debug */,
				A278E87F1AE04C79000DA0DE /* Release */,
			);
			defaultConfigurationIsVisible = 0;
		};
/* End XCConfigurationList section */
	};
	rootObject = A278E8531AE04C78000DA0DE /* Project object */;
}
